<Solution>
  <Folder Name="/Gateway/">
    <Project Path="Gateway/APIGateway/Store.GatewayService.csproj" />
  </Folder>
  <Folder Name="/Services/">
    <Project Path="Services/AuditLogService/Store.AuditLogService.csproj" />
    <Project Path="Services/CartService/Store.CartService.csproj" />
    <Project Path="Services/IdentityService/Store.IdentityService.csproj" />
    <Project Path="Services/OrderService/Store.OrderService.csproj" />
    <Project Path="Services/ProductService/Store.ProductService.csproj" />
  </Folder>
  <Folder Name="/Shared/">
    <Project Path="Shared/Store.BuildingBlocks/Store.BuildingBlocks.csproj" />
    <Project Path="Shared/Store.Contracts/Store.Contracts.csproj" />
  </Folder>
  <Folder Name="/Tests/">
    <Project Path="Tests/Integration/Store.Tests.Integration.csproj" />
    <Project Path="Tests/Unit/Store.Tests.Unit.csproj" />
  </Folder>
</Solution>
