
Microsoft Visual Studio Solution File, Format Version 12.00
# Visual Studio Version 17
VisualStudioVersion = 17.0.31903.59
MinimumVisualStudioVersion = 10.0.40219.1
Project("{2150E333-8FDC-42A3-9474-1A3956D46DE8}") = "Services", "Services", "{5854FF58-B8C5-05C6-5BF2-ACE42193F22B}"
EndProject
Project("{2150E333-8FDC-42A3-9474-1A3956D46DE8}") = "ProductService", "ProductService", "{1C57C2D2-1246-804C-0890-EC7B6BEC053B}"
EndProject
Project("{FAE04EC0-301F-11D3-BF4B-00C04F79EFBC}") = "Store.ProductService", "Services\ProductService\Store.ProductService.csproj", "{12B71A86-42C0-4E48-A600-FF5B08B17C1A}"
EndProject
Project("{2150E333-8FDC-42A3-9474-1A3956D46DE8}") = "IdentityService", "IdentityService", "{DD206F60-1FAF-ED75-6FA2-9D7982884EA4}"
EndProject
Project("{FAE04EC0-301F-11D3-BF4B-00C04F79EFBC}") = "Store.IdentityService", "Services\IdentityService\Store.IdentityService.csproj", "{B529A609-FD5D-4FF0-821D-CDE2A7C5B35C}"
EndProject
Project("{2150E333-8FDC-42A3-9474-1A3956D46DE8}") = "CartService", "CartService", "{FBA56FD8-548B-9CE3-2E47-CD23E0438814}"
EndProject
Project("{FAE04EC0-301F-11D3-BF4B-00C04F79EFBC}") = "Store.CartService", "Services\CartService\Store.CartService.csproj", "{086C133A-C2E8-471F-8A6A-AB8E4B47E521}"
EndProject
Project("{2150E333-8FDC-42A3-9474-1A3956D46DE8}") = "OrderService", "OrderService", "{05772A79-6677-48D6-4812-5BDCDF485F71}"
EndProject
Project("{FAE04EC0-301F-11D3-BF4B-00C04F79EFBC}") = "Store.OrderService", "Services\OrderService\Store.OrderService.csproj", "{21B02D70-B3F3-4016-A924-E79C1A4AE97D}"
EndProject
Project("{2150E333-8FDC-42A3-9474-1A3956D46DE8}") = "Gateway", "Gateway", "{E7BDDBC6-9FD1-D1D7-ACD8-2C4F8E3D2461}"
EndProject
Project("{2150E333-8FDC-42A3-9474-1A3956D46DE8}") = "APIGateway", "APIGateway", "{2141A215-AC49-07B8-5C97-F1F960E8B242}"
EndProject
Project("{FAE04EC0-301F-11D3-BF4B-00C04F79EFBC}") = "Store.GatewayService", "Gateway\APIGateway\Store.GatewayService.csproj", "{3EC3270C-1257-46F7-8B74-6D4000644BE0}"
EndProject
Project("{2150E333-8FDC-42A3-9474-1A3956D46DE8}") = "Shared", "Shared", "{4F52FD11-658E-A102-6CD3-7D7C16FFA15B}"
EndProject
Project("{FAE04EC0-301F-11D3-BF4B-00C04F79EFBC}") = "Store.Shared", "Shared\Store.Shared\Store.Shared.csproj", "{6512D73E-B289-4A67-91A7-DF7CA2CCAE67}"
EndProject
Project("{2150E333-8FDC-42A3-9474-1A3956D46DE8}") = "Tests", "Tests", "{0AB3BF05-4346-4AA6-1389-037BE0695223}"
EndProject
Project("{2150E333-8FDC-42A3-9474-1A3956D46DE8}") = "Unit", "Unit", "{9D556B49-86D1-93A7-9596-FFAAB74EC556}"
EndProject
Project("{FAE04EC0-301F-11D3-BF4B-00C04F79EFBC}") = "Store.Tests.Unit", "Tests\Unit\Store.Tests.Unit.csproj", "{17352498-1146-40A6-BC55-0F5ACB64F8A9}"
EndProject
Project("{2150E333-8FDC-42A3-9474-1A3956D46DE8}") = "Integration", "Integration", "{28A6993C-471E-82FE-7D9E-AD3B1EC22BD9}"
EndProject
Project("{FAE04EC0-301F-11D3-BF4B-00C04F79EFBC}") = "Store.Tests.Integration", "Tests\Integration\Store.Tests.Integration.csproj", "{F6A194A0-61A4-4D5F-A5F7-2DF1CAD982F3}"
EndProject
Project("{2150E333-8FDC-42A3-9474-1A3956D46DE8}") = "AuditLogService", "AuditLogService", "{02EA681E-C7D8-13C7-8484-4AC65E1B71E8}"
EndProject
Project("{FAE04EC0-301F-11D3-BF4B-00C04F79EFBC}") = "Store.AuditLogService", "Services\AuditLogService\Store.AuditLogService.csproj", "{32AE827D-9B97-4954-911E-54075C325E49}"
EndProject
Global
	GlobalSection(SolutionConfigurationPlatforms) = preSolution
		Debug|Any CPU = Debug|Any CPU
		Debug|x64 = Debug|x64
		Debug|x86 = Debug|x86
		Release|Any CPU = Release|Any CPU
		Release|x64 = Release|x64
		Release|x86 = Release|x86
	EndGlobalSection
	GlobalSection(ProjectConfigurationPlatforms) = postSolution
		{12B71A86-42C0-4E48-A600-FF5B08B17C1A}.Debug|Any CPU.ActiveCfg = Debug|Any CPU
		{12B71A86-42C0-4E48-A600-FF5B08B17C1A}.Debug|Any CPU.Build.0 = Debug|Any CPU
		{12B71A86-42C0-4E48-A600-FF5B08B17C1A}.Debug|x64.ActiveCfg = Debug|Any CPU
		{12B71A86-42C0-4E48-A600-FF5B08B17C1A}.Debug|x64.Build.0 = Debug|Any CPU
		{12B71A86-42C0-4E48-A600-FF5B08B17C1A}.Debug|x86.ActiveCfg = Debug|Any CPU
		{12B71A86-42C0-4E48-A600-FF5B08B17C1A}.Debug|x86.Build.0 = Debug|Any CPU
		{12B71A86-42C0-4E48-A600-FF5B08B17C1A}.Release|Any CPU.ActiveCfg = Release|Any CPU
		{12B71A86-42C0-4E48-A600-FF5B08B17C1A}.Release|Any CPU.Build.0 = Release|Any CPU
		{12B71A86-42C0-4E48-A600-FF5B08B17C1A}.Release|x64.ActiveCfg = Release|Any CPU
		{12B71A86-42C0-4E48-A600-FF5B08B17C1A}.Release|x64.Build.0 = Release|Any CPU
		{12B71A86-42C0-4E48-A600-FF5B08B17C1A}.Release|x86.ActiveCfg = Release|Any CPU
		{12B71A86-42C0-4E48-A600-FF5B08B17C1A}.Release|x86.Build.0 = Release|Any CPU
		{B529A609-FD5D-4FF0-821D-CDE2A7C5B35C}.Debug|Any CPU.ActiveCfg = Debug|Any CPU
		{B529A609-FD5D-4FF0-821D-CDE2A7C5B35C}.Debug|Any CPU.Build.0 = Debug|Any CPU
		{B529A609-FD5D-4FF0-821D-CDE2A7C5B35C}.Debug|x64.ActiveCfg = Debug|Any CPU
		{B529A609-FD5D-4FF0-821D-CDE2A7C5B35C}.Debug|x64.Build.0 = Debug|Any CPU
		{B529A609-FD5D-4FF0-821D-CDE2A7C5B35C}.Debug|x86.ActiveCfg = Debug|Any CPU
		{B529A609-FD5D-4FF0-821D-CDE2A7C5B35C}.Debug|x86.Build.0 = Debug|Any CPU
		{B529A609-FD5D-4FF0-821D-CDE2A7C5B35C}.Release|Any CPU.ActiveCfg = Release|Any CPU
		{B529A609-FD5D-4FF0-821D-CDE2A7C5B35C}.Release|Any CPU.Build.0 = Release|Any CPU
		{B529A609-FD5D-4FF0-821D-CDE2A7C5B35C}.Release|x64.ActiveCfg = Release|Any CPU
		{B529A609-FD5D-4FF0-821D-CDE2A7C5B35C}.Release|x64.Build.0 = Release|Any CPU
		{B529A609-FD5D-4FF0-821D-CDE2A7C5B35C}.Release|x86.ActiveCfg = Release|Any CPU
		{B529A609-FD5D-4FF0-821D-CDE2A7C5B35C}.Release|x86.Build.0 = Release|Any CPU
		{086C133A-C2E8-471F-8A6A-AB8E4B47E521}.Debug|Any CPU.ActiveCfg = Debug|Any CPU
		{086C133A-C2E8-471F-8A6A-AB8E4B47E521}.Debug|Any CPU.Build.0 = Debug|Any CPU
		{086C133A-C2E8-471F-8A6A-AB8E4B47E521}.Debug|x64.ActiveCfg = Debug|Any CPU
		{086C133A-C2E8-471F-8A6A-AB8E4B47E521}.Debug|x64.Build.0 = Debug|Any CPU
		{086C133A-C2E8-471F-8A6A-AB8E4B47E521}.Debug|x86.ActiveCfg = Debug|Any CPU
		{086C133A-C2E8-471F-8A6A-AB8E4B47E521}.Debug|x86.Build.0 = Debug|Any CPU
		{086C133A-C2E8-471F-8A6A-AB8E4B47E521}.Release|Any CPU.ActiveCfg = Release|Any CPU
		{086C133A-C2E8-471F-8A6A-AB8E4B47E521}.Release|Any CPU.Build.0 = Release|Any CPU
		{086C133A-C2E8-471F-8A6A-AB8E4B47E521}.Release|x64.ActiveCfg = Release|Any CPU
		{086C133A-C2E8-471F-8A6A-AB8E4B47E521}.Release|x64.Build.0 = Release|Any CPU
		{086C133A-C2E8-471F-8A6A-AB8E4B47E521}.Release|x86.ActiveCfg = Release|Any CPU
		{086C133A-C2E8-471F-8A6A-AB8E4B47E521}.Release|x86.Build.0 = Release|Any CPU
		{21B02D70-B3F3-4016-A924-E79C1A4AE97D}.Debug|Any CPU.ActiveCfg = Debug|Any CPU
		{21B02D70-B3F3-4016-A924-E79C1A4AE97D}.Debug|Any CPU.Build.0 = Debug|Any CPU
		{21B02D70-B3F3-4016-A924-E79C1A4AE97D}.Debug|x64.ActiveCfg = Debug|Any CPU
		{21B02D70-B3F3-4016-A924-E79C1A4AE97D}.Debug|x64.Build.0 = Debug|Any CPU
		{21B02D70-B3F3-4016-A924-E79C1A4AE97D}.Debug|x86.ActiveCfg = Debug|Any CPU
		{21B02D70-B3F3-4016-A924-E79C1A4AE97D}.Debug|x86.Build.0 = Debug|Any CPU
		{21B02D70-B3F3-4016-A924-E79C1A4AE97D}.Release|Any CPU.ActiveCfg = Release|Any CPU
		{21B02D70-B3F3-4016-A924-E79C1A4AE97D}.Release|Any CPU.Build.0 = Release|Any CPU
		{21B02D70-B3F3-4016-A924-E79C1A4AE97D}.Release|x64.ActiveCfg = Release|Any CPU
		{21B02D70-B3F3-4016-A924-E79C1A4AE97D}.Release|x64.Build.0 = Release|Any CPU
		{21B02D70-B3F3-4016-A924-E79C1A4AE97D}.Release|x86.ActiveCfg = Release|Any CPU
		{21B02D70-B3F3-4016-A924-E79C1A4AE97D}.Release|x86.Build.0 = Release|Any CPU
		{3EC3270C-1257-46F7-8B74-6D4000644BE0}.Debug|Any CPU.ActiveCfg = Debug|Any CPU
		{3EC3270C-1257-46F7-8B74-6D4000644BE0}.Debug|Any CPU.Build.0 = Debug|Any CPU
		{3EC3270C-1257-46F7-8B74-6D4000644BE0}.Debug|x64.ActiveCfg = Debug|Any CPU
		{3EC3270C-1257-46F7-8B74-6D4000644BE0}.Debug|x64.Build.0 = Debug|Any CPU
		{3EC3270C-1257-46F7-8B74-6D4000644BE0}.Debug|x86.ActiveCfg = Debug|Any CPU
		{3EC3270C-1257-46F7-8B74-6D4000644BE0}.Debug|x86.Build.0 = Debug|Any CPU
		{3EC3270C-1257-46F7-8B74-6D4000644BE0}.Release|Any CPU.ActiveCfg = Release|Any CPU
		{3EC3270C-1257-46F7-8B74-6D4000644BE0}.Release|Any CPU.Build.0 = Release|Any CPU
		{3EC3270C-1257-46F7-8B74-6D4000644BE0}.Release|x64.ActiveCfg = Release|Any CPU
		{3EC3270C-1257-46F7-8B74-6D4000644BE0}.Release|x64.Build.0 = Release|Any CPU
		{3EC3270C-1257-46F7-8B74-6D4000644BE0}.Release|x86.ActiveCfg = Release|Any CPU
		{3EC3270C-1257-46F7-8B74-6D4000644BE0}.Release|x86.Build.0 = Release|Any CPU
		{6512D73E-B289-4A67-91A7-DF7CA2CCAE67}.Debug|Any CPU.ActiveCfg = Debug|Any CPU
		{6512D73E-B289-4A67-91A7-DF7CA2CCAE67}.Debug|Any CPU.Build.0 = Debug|Any CPU
		{6512D73E-B289-4A67-91A7-DF7CA2CCAE67}.Debug|x64.ActiveCfg = Debug|Any CPU
		{6512D73E-B289-4A67-91A7-DF7CA2CCAE67}.Debug|x64.Build.0 = Debug|Any CPU
		{6512D73E-B289-4A67-91A7-DF7CA2CCAE67}.Debug|x86.ActiveCfg = Debug|Any CPU
		{6512D73E-B289-4A67-91A7-DF7CA2CCAE67}.Debug|x86.Build.0 = Debug|Any CPU
		{6512D73E-B289-4A67-91A7-DF7CA2CCAE67}.Release|Any CPU.ActiveCfg = Release|Any CPU
		{6512D73E-B289-4A67-91A7-DF7CA2CCAE67}.Release|Any CPU.Build.0 = Release|Any CPU
		{6512D73E-B289-4A67-91A7-DF7CA2CCAE67}.Release|x64.ActiveCfg = Release|Any CPU
		{6512D73E-B289-4A67-91A7-DF7CA2CCAE67}.Release|x64.Build.0 = Release|Any CPU
		{6512D73E-B289-4A67-91A7-DF7CA2CCAE67}.Release|x86.ActiveCfg = Release|Any CPU
		{6512D73E-B289-4A67-91A7-DF7CA2CCAE67}.Release|x86.Build.0 = Release|Any CPU

		{17352498-1146-40A6-BC55-0F5ACB64F8A9}.Debug|Any CPU.ActiveCfg = Debug|Any CPU
		{17352498-1146-40A6-BC55-0F5ACB64F8A9}.Debug|Any CPU.Build.0 = Debug|Any CPU
		{17352498-1146-40A6-BC55-0F5ACB64F8A9}.Debug|x64.ActiveCfg = Debug|Any CPU
		{17352498-1146-40A6-BC55-0F5ACB64F8A9}.Debug|x64.Build.0 = Debug|Any CPU
		{17352498-1146-40A6-BC55-0F5ACB64F8A9}.Debug|x86.ActiveCfg = Debug|Any CPU
		{17352498-1146-40A6-BC55-0F5ACB64F8A9}.Debug|x86.Build.0 = Debug|Any CPU
		{17352498-1146-40A6-BC55-0F5ACB64F8A9}.Release|Any CPU.ActiveCfg = Release|Any CPU
		{17352498-1146-40A6-BC55-0F5ACB64F8A9}.Release|Any CPU.Build.0 = Release|Any CPU
		{17352498-1146-40A6-BC55-0F5ACB64F8A9}.Release|x64.ActiveCfg = Release|Any CPU
		{17352498-1146-40A6-BC55-0F5ACB64F8A9}.Release|x64.Build.0 = Release|Any CPU
		{17352498-1146-40A6-BC55-0F5ACB64F8A9}.Release|x86.ActiveCfg = Release|Any CPU
		{17352498-1146-40A6-BC55-0F5ACB64F8A9}.Release|x86.Build.0 = Release|Any CPU
		{F6A194A0-61A4-4D5F-A5F7-2DF1CAD982F3}.Debug|Any CPU.ActiveCfg = Debug|Any CPU
		{F6A194A0-61A4-4D5F-A5F7-2DF1CAD982F3}.Debug|Any CPU.Build.0 = Debug|Any CPU
		{F6A194A0-61A4-4D5F-A5F7-2DF1CAD982F3}.Debug|x64.ActiveCfg = Debug|Any CPU
		{F6A194A0-61A4-4D5F-A5F7-2DF1CAD982F3}.Debug|x64.Build.0 = Debug|Any CPU
		{F6A194A0-61A4-4D5F-A5F7-2DF1CAD982F3}.Debug|x86.ActiveCfg = Debug|Any CPU
		{F6A194A0-61A4-4D5F-A5F7-2DF1CAD982F3}.Debug|x86.Build.0 = Debug|Any CPU
		{F6A194A0-61A4-4D5F-A5F7-2DF1CAD982F3}.Release|Any CPU.ActiveCfg = Release|Any CPU
		{F6A194A0-61A4-4D5F-A5F7-2DF1CAD982F3}.Release|Any CPU.Build.0 = Release|Any CPU
		{F6A194A0-61A4-4D5F-A5F7-2DF1CAD982F3}.Release|x64.ActiveCfg = Release|Any CPU
		{F6A194A0-61A4-4D5F-A5F7-2DF1CAD982F3}.Release|x64.Build.0 = Release|Any CPU
		{F6A194A0-61A4-4D5F-A5F7-2DF1CAD982F3}.Release|x86.ActiveCfg = Release|Any CPU
		{F6A194A0-61A4-4D5F-A5F7-2DF1CAD982F3}.Release|x86.Build.0 = Release|Any CPU
		{32AE827D-9B97-4954-911E-54075C325E49}.Debug|Any CPU.ActiveCfg = Debug|Any CPU
		{32AE827D-9B97-4954-911E-54075C325E49}.Debug|Any CPU.Build.0 = Debug|Any CPU
		{32AE827D-9B97-4954-911E-54075C325E49}.Debug|x64.ActiveCfg = Debug|Any CPU
		{32AE827D-9B97-4954-911E-54075C325E49}.Debug|x64.Build.0 = Debug|Any CPU
		{32AE827D-9B97-4954-911E-54075C325E49}.Debug|x86.ActiveCfg = Debug|Any CPU
		{32AE827D-9B97-4954-911E-54075C325E49}.Debug|x86.Build.0 = Debug|Any CPU
		{32AE827D-9B97-4954-911E-54075C325E49}.Release|Any CPU.ActiveCfg = Release|Any CPU
		{32AE827D-9B97-4954-911E-54075C325E49}.Release|Any CPU.Build.0 = Release|Any CPU
		{32AE827D-9B97-4954-911E-54075C325E49}.Release|x64.ActiveCfg = Release|Any CPU
		{32AE827D-9B97-4954-911E-54075C325E49}.Release|x64.Build.0 = Release|Any CPU
		{32AE827D-9B97-4954-911E-54075C325E49}.Release|x86.ActiveCfg = Release|Any CPU
		{32AE827D-9B97-4954-911E-54075C325E49}.Release|x86.Build.0 = Release|Any CPU
	EndGlobalSection
	GlobalSection(SolutionProperties) = preSolution
		HideSolutionNode = FALSE
	EndGlobalSection
	GlobalSection(NestedProjects) = preSolution
		{1C57C2D2-1246-804C-0890-EC7B6BEC053B} = {5854FF58-B8C5-05C6-5BF2-ACE42193F22B}
		{12B71A86-42C0-4E48-A600-FF5B08B17C1A} = {1C57C2D2-1246-804C-0890-EC7B6BEC053B}
		{DD206F60-1FAF-ED75-6FA2-9D7982884EA4} = {5854FF58-B8C5-05C6-5BF2-ACE42193F22B}
		{B529A609-FD5D-4FF0-821D-CDE2A7C5B35C} = {DD206F60-1FAF-ED75-6FA2-9D7982884EA4}
		{FBA56FD8-548B-9CE3-2E47-CD23E0438814} = {5854FF58-B8C5-05C6-5BF2-ACE42193F22B}
		{086C133A-C2E8-471F-8A6A-AB8E4B47E521} = {FBA56FD8-548B-9CE3-2E47-CD23E0438814}
		{05772A79-6677-48D6-4812-5BDCDF485F71} = {5854FF58-B8C5-05C6-5BF2-ACE42193F22B}
		{21B02D70-B3F3-4016-A924-E79C1A4AE97D} = {05772A79-6677-48D6-4812-5BDCDF485F71}
		{2141A215-AC49-07B8-5C97-F1F960E8B242} = {E7BDDBC6-9FD1-D1D7-ACD8-2C4F8E3D2461}
		{3EC3270C-1257-46F7-8B74-6D4000644BE0} = {2141A215-AC49-07B8-5C97-F1F960E8B242}
		{6512D73E-B289-4A67-91A7-DF7CA2CCAE67} = {4F52FD11-658E-A102-6CD3-7D7C16FFA15B}
		{9D556B49-86D1-93A7-9596-FFAAB74EC556} = {0AB3BF05-4346-4AA6-1389-037BE0695223}
		{17352498-1146-40A6-BC55-0F5ACB64F8A9} = {9D556B49-86D1-93A7-9596-FFAAB74EC556}
		{28A6993C-471E-82FE-7D9E-AD3B1EC22BD9} = {0AB3BF05-4346-4AA6-1389-037BE0695223}
		{F6A194A0-61A4-4D5F-A5F7-2DF1CAD982F3} = {28A6993C-471E-82FE-7D9E-AD3B1EC22BD9}
		{02EA681E-C7D8-13C7-8484-4AC65E1B71E8} = {5854FF58-B8C5-05C6-5BF2-ACE42193F22B}
		{32AE827D-9B97-4954-911E-54075C325E49} = {02EA681E-C7D8-13C7-8484-4AC65E1B71E8}
	EndGlobalSection
	GlobalSection(ExtensibilityGlobals) = postSolution
		SolutionGuid = {26AE9D17-80EB-4970-8380-40263F031FE1}
	EndGlobalSection
EndGlobal
